
Microsoft Visual Studio Solution File, Format Version 12.00
Project("{FAE04EC0-301F-11D3-BF4B-00C04F79EFBC}") = "SimpleSettingsExample", "SimpleSettingsExample.csproj", "{61310380-D093-4EBF-9C76-A98D646FAF0C}"
EndProject
Global
	GlobalSection(SolutionConfigurationPlatforms) = preSolution
		Debug|Any CPU = Debug|Any CPU
		Release|Any CPU = Release|Any CPU
	EndGlobalSection
	GlobalSection(ProjectConfigurationPlatforms) = postSolution
		{61310380-D093-4EBF-9C76-A98D646FAF0C}.Debug|Any CPU.ActiveCfg = Debug|Any CPU
		{61310380-D093-4EBF-9C76-A98D646FAF0C}.Debug|Any CPU.Build.0 = Debug|Any CPU
		{61310380-D093-4EBF-9C76-A98D646FAF0C}.Release|Any CPU.ActiveCfg = Release|Any CPU
		{61310380-D093-4EBF-9C76-A98D646FAF0C}.Release|Any CPU.Build.0 = Release|Any CPU
	EndGlobalSection
EndGlobal
